// !$*UTF8*$!
{
	archiveVersion = 1;
	classes = {
	};
	objectVersion = 45;
	objects = {

/* Begin PBXBuildFile section */
		1D3623260D0F684500981E51 /* DateNotifierAppDelegate.m in Sources */ = {isa = PBXBuildFile; fileRef = 1D3623250D0F684500981E51 /* DateNotifierAppDelegate.m */; };
		1D60589B0D05DD56006BFB54 /* main.m in Sources */ = {isa = PBXBuildFile; fileRef = 29B97316FDCFA39411CA2CEA /* main.m */; };
		1D60589F0D05DD5A006BFB54 /* Foundation.framework in Frameworks */ = {isa = PBXBuildFile; fileRef = 1D30AB110D05D00D00671497 /* Foundation.framework */; };
		1DF5F4E00D08C38300B7A737 /* UIKit.framework in Frameworks */ = {isa = PBXBuildFile; fileRef = 1DF5F4DF0D08C38300B7A737 /* UIKit.framework */; };
		288765FD0DF74451002DB57D /* CoreGraphics.framework in Frameworks */ = {isa = PBXBuildFile; fileRef = 288765FC0DF74451002DB57D /* CoreGraphics.framework */; };
		28AD733F0D9D9553002E5188 /* MainWindow.xib in Resources */ = {isa = PBXBuildFile; fileRef = 28AD733E0D9D9553002E5188 /* MainWindow.xib */; };
		46718B7E1394ED2E0046852D /* DateSelectGUI.m in Sources */ = {isa = PBXBuildFile; fileRef = 46718B621394ED2E0046852D /* DateSelectGUI.m */; };
		46718B7F1394ED2E0046852D /* TextInputGUI.m in Sources */ = {isa = PBXBuildFile; fileRef = 46718B641394ED2E0046852D /* TextInputGUI.m */; };
		46718B801394ED2E0046852D /* EntryDateSelectGUI.m in Sources */ = {isa = PBXBuildFile; fileRef = 46718B661394ED2E0046852D /* EntryDateSelectGUI.m */; };
		46718B811394ED2E0046852D /* NotifyDateSelectGUI.m in Sources */ = {isa = PBXBuildFile; fileRef = 46718B681394ED2E0046852D /* NotifyDateSelectGUI.m */; };
		46718B821394ED2E0046852D /* TextFieldGUI.m in Sources */ = {isa = PBXBuildFile; fileRef = 46718B6A1394ED2E0046852D /* TextFieldGUI.m */; };
		46718B831394ED2E0046852D /* TextViewGUI.m in Sources */ = {isa = PBXBuildFile; fileRef = 46718B6C1394ED2E0046852D /* TextViewGUI.m */; };
		46718B841394ED2E0046852D /* AddDateDetailEntryGUI.m in Sources */ = {isa = PBXBuildFile; fileRef = 46718B6F1394ED2E0046852D /* AddDateDetailEntryGUI.m */; };
		46718B861394ED2E0046852D /* DateDetailEntryGUI.m in Sources */ = {isa = PBXBuildFile; fileRef = 46718B731394ED2E0046852D /* DateDetailEntryGUI.m */; };
		46718B871394ED2E0046852D /* NotificationListGUI.m in Sources */ = {isa = PBXBuildFile; fileRef = 46718B751394ED2E0046852D /* NotificationListGUI.m */; };
		46718B881394ED2E0046852D /* UpdateDateDetailEntryGUI.m in Sources */ = {isa = PBXBuildFile; fileRef = 46718B771394ED2E0046852D /* UpdateDateDetailEntryGUI.m */; };
		46718B891394ED2E0046852D /* DateDetailEntryStore.m in Sources */ = {isa = PBXBuildFile; fileRef = 46718B7A1394ED2E0046852D /* DateDetailEntryStore.m */; };
		46718B8A1394ED2E0046852D /* NotificationCenter.m in Sources */ = {isa = PBXBuildFile; fileRef = 46718B7C1394ED2E0046852D /* NotificationCenter.m */; };
		46718BB01394EF3B0046852D /* DateDetailEntry.m in Sources */ = {isa = PBXBuildFile; fileRef = 46718BAF1394EF3B0046852D /* DateDetailEntry.m */; };
/* End PBXBuildFile section */

/* Begin PBXFileReference section */
		1D30AB110D05D00D00671497 /* Foundation.framework */ = {isa = PBXFileReference; lastKnownFileType = wrapper.framework; name = Foundation.framework; path = System/Library/Frameworks/Foundation.framework; sourceTree = SDKROOT; };
		1D3623240D0F684500981E51 /* DateNotifierAppDelegate.h */ = {isa = PBXFileReference; fileEncoding = 4; lastKnownFileType = sourcecode.c.h; path = DateNotifierAppDelegate.h; sourceTree = "<group>"; };
		1D3623250D0F684500981E51 /* DateNotifierAppDelegate.m */ = {isa = PBXFileReference; fileEncoding = 4; lastKnownFileType = sourcecode.c.objc; path = DateNotifierAppDelegate.m; sourceTree = "<group>"; };
		1D6058910D05DD3D006BFB54 /* DateNotifier.app */ = {isa = PBXFileReference; explicitFileType = wrapper.application; includeInIndex = 0; path = DateNotifier.app; sourceTree = BUILT_PRODUCTS_DIR; };
		1DF5F4DF0D08C38300B7A737 /* UIKit.framework */ = {isa = PBXFileReference; lastKnownFileType = wrapper.framework; name = UIKit.framework; path = System/Library/Frameworks/UIKit.framework; sourceTree = SDKROOT; };
		288765FC0DF74451002DB57D /* CoreGraphics.framework */ = {isa = PBXFileReference; lastKnownFileType = wrapper.framework; name = CoreGraphics.framework; path = System/Library/Frameworks/CoreGraphics.framework; sourceTree = SDKROOT; };
		28AD733E0D9D9553002E5188 /* MainWindow.xib */ = {isa = PBXFileReference; lastKnownFileType = file.xib; path = MainWindow.xib; sourceTree = "<group>"; };
		29B97316FDCFA39411CA2CEA /* main.m */ = {isa = PBXFileReference; fileEncoding = 4; lastKnownFileType = sourcecode.c.objc; path = main.m; sourceTree = "<group>"; };
		32CA4F630368D1EE00C91783 /* DateNotifier_Prefix.pch */ = {isa = PBXFileReference; fileEncoding = 4; lastKnownFileType = sourcecode.c.h; path = DateNotifier_Prefix.pch; sourceTree = "<group>"; };
		46718B611394ED2E0046852D /* DateSelectGUI.h */ = {isa = PBXFileReference; fileEncoding = 4; lastKnownFileType = sourcecode.c.h; path = DateSelectGUI.h; sourceTree = "<group>"; };
		46718B621394ED2E0046852D /* DateSelectGUI.m */ = {isa = PBXFileReference; fileEncoding = 4; lastKnownFileType = sourcecode.c.objc; path = DateSelectGUI.m; sourceTree = "<group>"; };
		46718B631394ED2E0046852D /* TextInputGUI.h */ = {isa = PBXFileReference; fileEncoding = 4; lastKnownFileType = sourcecode.c.h; path = TextInputGUI.h; sourceTree = "<group>"; };
		46718B641394ED2E0046852D /* TextInputGUI.m */ = {isa = PBXFileReference; fileEncoding = 4; lastKnownFileType = sourcecode.c.objc; path = TextInputGUI.m; sourceTree = "<group>"; };
		46718B651394ED2E0046852D /* EntryDateSelectGUI.h */ = {isa = PBXFileReference; fileEncoding = 4; lastKnownFileType = sourcecode.c.h; path = EntryDateSelectGUI.h; sourceTree = "<group>"; };
		46718B661394ED2E0046852D /* EntryDateSelectGUI.m */ = {isa = PBXFileReference; fileEncoding = 4; lastKnownFileType = sourcecode.c.objc; path = EntryDateSelectGUI.m; sourceTree = "<group>"; };
		46718B671394ED2E0046852D /* NotifyDateSelectGUI.h */ = {isa = PBXFileReference; fileEncoding = 4; lastKnownFileType = sourcecode.c.h; path = NotifyDateSelectGUI.h; sourceTree = "<group>"; };
		46718B681394ED2E0046852D /* NotifyDateSelectGUI.m */ = {isa = PBXFileReference; fileEncoding = 4; lastKnownFileType = sourcecode.c.objc; path = NotifyDateSelectGUI.m; sourceTree = "<group>"; };
		46718B691394ED2E0046852D /* TextFieldGUI.h */ = {isa = PBXFileReference; fileEncoding = 4; lastKnownFileType = sourcecode.c.h; path = TextFieldGUI.h; sourceTree = "<group>"; };
		46718B6A1394ED2E0046852D /* TextFieldGUI.m */ = {isa = PBXFileReference; fileEncoding = 4; lastKnownFileType = sourcecode.c.objc; path = TextFieldGUI.m; sourceTree = "<group>"; };
		46718B6B1394ED2E0046852D /* TextViewGUI.h */ = {isa = PBXFileReference; fileEncoding = 4; lastKnownFileType = sourcecode.c.h; path = TextViewGUI.h; sourceTree = "<group>"; };
		46718B6C1394ED2E0046852D /* TextViewGUI.m */ = {isa = PBXFileReference; fileEncoding = 4; lastKnownFileType = sourcecode.c.objc; path = TextViewGUI.m; sourceTree = "<group>"; };
		46718B6E1394ED2E0046852D /* AddDateDetailEntryGUI.h */ = {isa = PBXFileReference; fileEncoding = 4; lastKnownFileType = sourcecode.c.h; path = AddDateDetailEntryGUI.h; sourceTree = "<group>"; };
		46718B6F1394ED2E0046852D /* AddDateDetailEntryGUI.m */ = {isa = PBXFileReference; fileEncoding = 4; lastKnownFileType = sourcecode.c.objc; path = AddDateDetailEntryGUI.m; sourceTree = "<group>"; };
		46718B721394ED2E0046852D /* DateDetailEntryGUI.h */ = {isa = PBXFileReference; fileEncoding = 4; lastKnownFileType = sourcecode.c.h; path = DateDetailEntryGUI.h; sourceTree = "<group>"; };
		46718B731394ED2E0046852D /* DateDetailEntryGUI.m */ = {isa = PBXFileReference; fileEncoding = 4; lastKnownFileType = sourcecode.c.objc; path = DateDetailEntryGUI.m; sourceTree = "<group>"; };
		46718B741394ED2E0046852D /* NotificationListGUI.h */ = {isa = PBXFileReference; fileEncoding = 4; lastKnownFileType = sourcecode.c.h; path = NotificationListGUI.h; sourceTree = "<group>"; };
		46718B751394ED2E0046852D /* NotificationListGUI.m */ = {isa = PBXFileReference; fileEncoding = 4; lastKnownFileType = sourcecode.c.objc; path = NotificationListGUI.m; sourceTree = "<group>"; };
		46718B761394ED2E0046852D /* UpdateDateDetailEntryGUI.h */ = {isa = PBXFileReference; fileEncoding = 4; lastKnownFileType = sourcecode.c.h; path = UpdateDateDetailEntryGUI.h; sourceTree = "<group>"; };
		46718B771394ED2E0046852D /* UpdateDateDetailEntryGUI.m */ = {isa = PBXFileReference; fileEncoding = 4; lastKnownFileType = sourcecode.c.objc; path = UpdateDateDetailEntryGUI.m; sourceTree = "<group>"; };
		46718B791394ED2E0046852D /* DateDetailEntryStore.h */ = {isa = PBXFileReference; fileEncoding = 4; lastKnownFileType = sourcecode.c.h; path = DateDetailEntryStore.h; sourceTree = "<group>"; };
		46718B7A1394ED2E0046852D /* DateDetailEntryStore.m */ = {isa = PBXFileReference; fileEncoding = 4; lastKnownFileType = sourcecode.c.objc; path = DateDetailEntryStore.m; sourceTree = "<group>"; };
		46718B7B1394ED2E0046852D /* NotificationCenter.h */ = {isa = PBXFileReference; fileEncoding = 4; lastKnownFileType = sourcecode.c.h; path = NotificationCenter.h; sourceTree = "<group>"; };
		46718B7C1394ED2E0046852D /* NotificationCenter.m */ = {isa = PBXFileReference; fileEncoding = 4; lastKnownFileType = sourcecode.c.objc; path = NotificationCenter.m; sourceTree = "<group>"; };
		46718B7D1394ED2E0046852D /* NotificationEntry.h */ = {isa = PBXFileReference; fileEncoding = 4; lastKnownFileType = sourcecode.c.h; path = NotificationEntry.h; sourceTree = "<group>"; };
		46718BAE1394EF3B0046852D /* DateDetailEntry.h */ = {isa = PBXFileReference; fileEncoding = 4; lastKnownFileType = sourcecode.c.h; path = DateDetailEntry.h; sourceTree = "<group>"; };
		46718BAF1394EF3B0046852D /* DateDetailEntry.m */ = {isa = PBXFileReference; fileEncoding = 4; lastKnownFileType = sourcecode.c.objc; path = DateDetailEntry.m; sourceTree = "<group>"; };
		8D1107310486CEB800E47090 /* DateNotifier-Info.plist */ = {isa = PBXFileReference; fileEncoding = 4; lastKnownFileType = text.plist.xml; path = "DateNotifier-Info.plist"; plistStructureDefinitionIdentifier = "com.apple.xcode.plist.structure-definition.iphone.info-plist"; sourceTree = "<group>"; };
/* End PBXFileReference section */

/* Begin PBXFrameworksBuildPhase section */
		1D60588F0D05DD3D006BFB54 /* Frameworks */ = {
			isa = PBXFrameworksBuildPhase;
			buildActionMask = 2147483647;
			files = (
				1D60589F0D05DD5A006BFB54 /* Foundation.framework in Frameworks */,
				1DF5F4E00D08C38300B7A737 /* UIKit.framework in Frameworks */,
				288765FD0DF74451002DB57D /* CoreGraphics.framework in Frameworks */,
			);
			runOnlyForDeploymentPostprocessing = 0;
		};
/* End PBXFrameworksBuildPhase section */

/* Begin PBXGroup section */
		080E96DDFE201D6D7F000001 /* Classes */ = {
			isa = PBXGroup;
			children = (
				1D3623240D0F684500981E51 /* DateNotifierAppDelegate.h */,
				1D3623250D0F684500981E51 /* DateNotifierAppDelegate.m */,
			);
			path = Classes;
			sourceTree = "<group>";
		};
		19C28FACFE9D520D11CA2CBB /* Products */ = {
			isa = PBXGroup;
			children = (
				1D6058910D05DD3D006BFB54 /* DateNotifier.app */,
			);
			name = Products;
			sourceTree = "<group>";
		};
		29B97314FDCFA39411CA2CEA /* CustomTemplate */ = {
			isa = PBXGroup;
			children = (
				46718B5E1394ED2E0046852D /* Notifier */,
				080E96DDFE201D6D7F000001 /* Classes */,
				29B97315FDCFA39411CA2CEA /* Other Sources */,
				29B97317FDCFA39411CA2CEA /* Resources */,
				29B97323FDCFA39411CA2CEA /* Frameworks */,
				19C28FACFE9D520D11CA2CBB /* Products */,
			);
			name = CustomTemplate;
			sourceTree = "<group>";
		};
		29B97315FDCFA39411CA2CEA /* Other Sources */ = {
			isa = PBXGroup;
			children = (
				32CA4F630368D1EE00C91783 /* DateNotifier_Prefix.pch */,
				29B97316FDCFA39411CA2CEA /* main.m */,
			);
			name = "Other Sources";
			sourceTree = "<group>";
		};
		29B97317FDCFA39411CA2CEA /* Resources */ = {
			isa = PBXGroup;
			children = (
				28AD733E0D9D9553002E5188 /* MainWindow.xib */,
				8D1107310486CEB800E47090 /* DateNotifier-Info.plist */,
			);
			name = Resources;
			sourceTree = "<group>";
		};
		29B97323FDCFA39411CA2CEA /* Frameworks */ = {
			isa = PBXGroup;
			children = (
				1DF5F4DF0D08C38300B7A737 /* UIKit.framework */,
				1D30AB110D05D00D00671497 /* Foundation.framework */,
				288765FC0DF74451002DB57D /* CoreGraphics.framework */,
			);
			name = Frameworks;
			sourceTree = "<group>";
		};
		46718B5E1394ED2E0046852D /* Notifier */ = {
			isa = PBXGroup;
			children = (
				46718B5F1394ED2E0046852D /* Components */,
				46718B6D1394ED2E0046852D /* GUI */,
				46718B781394ED2E0046852D /* Shared */,
			);
			path = Notifier;
			sourceTree = "<group>";
		};
		46718B5F1394ED2E0046852D /* Components */ = {
			isa = PBXGroup;
			children = (
				46718B601394ED2E0046852D /* Base */,
				46718B651394ED2E0046852D /* EntryDateSelectGUI.h */,
				46718B661394ED2E0046852D /* EntryDateSelectGUI.m */,
				46718B671394ED2E0046852D /* NotifyDateSelectGUI.h */,
				46718B681394ED2E0046852D /* NotifyDateSelectGUI.m */,
				46718B691394ED2E0046852D /* TextFieldGUI.h */,
				46718B6A1394ED2E0046852D /* TextFieldGUI.m */,
				46718B6B1394ED2E0046852D /* TextViewGUI.h */,
				46718B6C1394ED2E0046852D /* TextViewGUI.m */,
			);
			path = Components;
			sourceTree = "<group>";
		};
		46718B601394ED2E0046852D /* Base */ = {
			isa = PBXGroup;
			children = (
				46718B611394ED2E0046852D /* DateSelectGUI.h */,
				46718B621394ED2E0046852D /* DateSelectGUI.m */,
				46718B631394ED2E0046852D /* TextInputGUI.h */,
				46718B641394ED2E0046852D /* TextInputGUI.m */,
			);
			path = Base;
			sourceTree = "<group>";
		};
		46718B6D1394ED2E0046852D /* GUI */ = {
			isa = PBXGroup;
			children = (
				46718B6E1394ED2E0046852D /* AddDateDetailEntryGUI.h */,
				46718B6F1394ED2E0046852D /* AddDateDetailEntryGUI.m */,
				46718B721394ED2E0046852D /* DateDetailEntryGUI.h */,
				46718B731394ED2E0046852D /* DateDetailEntryGUI.m */,
				46718B741394ED2E0046852D /* NotificationListGUI.h */,
				46718B751394ED2E0046852D /* NotificationListGUI.m */,
				46718B761394ED2E0046852D /* UpdateDateDetailEntryGUI.h */,
				46718B771394ED2E0046852D /* UpdateDateDetailEntryGUI.m */,
			);
			path = GUI;
			sourceTree = "<group>";
		};
		46718B781394ED2E0046852D /* Shared */ = {
			isa = PBXGroup;
			children = (
				46718BAE1394EF3B0046852D /* DateDetailEntry.h */,
				46718BAF1394EF3B0046852D /* DateDetailEntry.m */,
				46718B791394ED2E0046852D /* DateDetailEntryStore.h */,
				46718B7A1394ED2E0046852D /* DateDetailEntryStore.m */,
				46718B7B1394ED2E0046852D /* NotificationCenter.h */,
				46718B7C1394ED2E0046852D /* NotificationCenter.m */,
				46718B7D1394ED2E0046852D /* NotificationEntry.h */,
			);
			path = Shared;
			sourceTree = "<group>";
		};
/* End PBXGroup section */

/* Begin PBXNativeTarget section */
		1D6058900D05DD3D006BFB54 /* DateNotifier */ = {
			isa = PBXNativeTarget;
			buildConfigurationList = 1D6058960D05DD3E006BFB54 /* Build configuration list for PBXNativeTarget "DateNotifier" */;
			buildPhases = (
				1D60588D0D05DD3D006BFB54 /* Resources */,
				1D60588E0D05DD3D006BFB54 /* Sources */,
				1D60588F0D05DD3D006BFB54 /* Frameworks */,
			);
			buildRules = (
			);
			dependencies = (
			);
			name = DateNotifier;
			productName = DateNotifier;
			productReference = 1D6058910D05DD3D006BFB54 /* DateNotifier.app */;
			productType = "com.apple.product-type.application";
		};
/* End PBXNativeTarget section */

/* Begin PBXProject section */
		29B97313FDCFA39411CA2CEA /* Project object */ = {
			isa = PBXProject;
			buildConfigurationList = C01FCF4E08A954540054247B /* Build configuration list for PBXProject "DateNotifier" */;
			compatibilityVersion = "Xcode 3.1";
			developmentRegion = English;
			hasScannedForEncodings = 1;
			knownRegions = (
				English,
				Japanese,
				French,
				German,
			);
			mainGroup = 29B97314FDCFA39411CA2CEA /* CustomTemplate */;
			projectDirPath = "";
			projectRoot = "";
			targets = (
				1D6058900D05DD3D006BFB54 /* DateNotifier */,
			);
		};
/* End PBXProject section */

/* Begin PBXResourcesBuildPhase section */
		1D60588D0D05DD3D006BFB54 /* Resources */ = {
			isa = PBXResourcesBuildPhase;
			buildActionMask = 2147483647;
			files = (
				28AD733F0D9D9553002E5188 /* MainWindow.xib in Resources */,
			);
			runOnlyForDeploymentPostprocessing = 0;
		};
/* End PBXResourcesBuildPhase section */

/* Begin PBXSourcesBuildPhase section */
		1D60588E0D05DD3D006BFB54 /* Sources */ = {
			isa = PBXSourcesBuildPhase;
			buildActionMask = 2147483647;
			files = (
				1D60589B0D05DD56006BFB54 /* main.m in Sources */,
				1D3623260D0F684500981E51 /* DateNotifierAppDelegate.m in Sources */,
				46718B7E1394ED2E0046852D /* DateSelectGUI.m in Sources */,
				46718B7F1394ED2E0046852D /* TextInputGUI.m in Sources */,
				46718B801394ED2E0046852D /* EntryDateSelectGUI.m in Sources */,
				46718B811394ED2E0046852D /* NotifyDateSelectGUI.m in Sources */,
				46718B821394ED2E0046852D /* TextFieldGUI.m in Sources */,
				46718B831394ED2E0046852D /* TextViewGUI.m in Sources */,
				46718B841394ED2E0046852D /* AddDateDetailEntryGUI.m in Sources */,
				46718B861394ED2E0046852D /* DateDetailEntryGUI.m in Sources */,
				46718B871394ED2E0046852D /* NotificationListGUI.m in Sources */,
				46718B881394ED2E0046852D /* UpdateDateDetailEntryGUI.m in Sources */,
				46718B891394ED2E0046852D /* DateDetailEntryStore.m in Sources */,
				46718B8A1394ED2E0046852D /* NotificationCenter.m in Sources */,
				46718BB01394EF3B0046852D /* DateDetailEntry.m in Sources */,
			);
			runOnlyForDeploymentPostprocessing = 0;
		};
/* End PBXSourcesBuildPhase section */

/* Begin XCBuildConfiguration section */
		1D6058940D05DD3E006BFB54 /* Debug */ = {
			isa = XCBuildConfiguration;
			buildSettings = {
				ALWAYS_SEARCH_USER_PATHS = NO;
				COPY_PHASE_STRIP = NO;
				GCC_DYNAMIC_NO_PIC = NO;
				GCC_OPTIMIZATION_LEVEL = 0;
				GCC_PRECOMPILE_PREFIX_HEADER = YES;
				GCC_PREFIX_HEADER = DateNotifier_Prefix.pch;
				INFOPLIST_FILE = "DateNotifier-Info.plist";
				PRODUCT_NAME = DateNotifier;
			};
			name = Debug;
		};
		1D6058950D05DD3E006BFB54 /* Release */ = {
			isa = XCBuildConfiguration;
			buildSettings = {
				ALWAYS_SEARCH_USER_PATHS = NO;
				COPY_PHASE_STRIP = YES;
				GCC_PRECOMPILE_PREFIX_HEADER = YES;
				GCC_PREFIX_HEADER = DateNotifier_Prefix.pch;
				INFOPLIST_FILE = "DateNotifier-Info.plist";
				PRODUCT_NAME = DateNotifier;
				VALIDATE_PRODUCT = YES;
			};
			name = Release;
		};
		C01FCF4F08A954540054247B /* Debug */ = {
			isa = XCBuildConfiguration;
			buildSettings = {
				ARCHS = "$(ARCHS_STANDARD_32_BIT)";
				"CODE_SIGN_IDENTITY[sdk=iphoneos*]" = "iPhone Developer";
				GCC_C_LANGUAGE_STANDARD = c99;
				GCC_WARN_ABOUT_RETURN_TYPE = YES;
				GCC_WARN_UNUSED_VARIABLE = YES;
				PREBINDING = NO;
				SDKROOT = iphoneos;
			};
			name = Debug;
		};
		C01FCF5008A954540054247B /* Release */ = {
			isa = XCBuildConfiguration;
			buildSettings = {
				ARCHS = "$(ARCHS_STANDARD_32_BIT)";
				"CODE_SIGN_IDENTITY[sdk=iphoneos*]" = "iPhone Developer";
				GCC_C_LANGUAGE_STANDARD = c99;
				GCC_WARN_ABOUT_RETURN_TYPE = YES;
				GCC_WARN_UNUSED_VARIABLE = YES;
				OTHER_CFLAGS = "-DNS_BLOCK_ASSERTIONS=1";
				PREBINDING = NO;
				SDKROOT = iphoneos;
			};
			name = Release;
		};
/* End XCBuildConfiguration section */

/* Begin XCConfigurationList section */
		1D6058960D05DD3E006BFB54 /* Build configuration list for PBXNativeTarget "DateNotifier" */ = {
			isa = XCConfigurationList;
			buildConfigurations = (
				1D6058940D05DD3E006BFB54 /* Debug */,
				1D6058950D05DD3E006BFB54 /* Release */,
			);
			defaultConfigurationIsVisible = 0;
			defaultConfigurationName = Release;
		};
		C01FCF4E08A954540054247B /* Build configuration list for PBXProject "DateNotifier" */ = {
			isa = XCConfigurationList;
			buildConfigurations = (
				C01FCF4F08A954540054247B /* Debug */,
				C01FCF5008A954540054247B /* Release */,
			);
			defaultConfigurationIsVisible = 0;
			defaultConfigurationName = Release;
		};
/* End XCConfigurationList section */
	};
	rootObject = 29B97313FDCFA39411CA2CEA /* Project object */;
}
